
Microsoft Visual Studio Solution File, Format Version 12.00
# Visual Studio 15
VisualStudioVersion = 15.0.28010.2026
MinimumVisualStudioVersion = 10.0.40219.1
Project("{FAE04EC0-301F-11D3-BF4B-00C04F79EFBC}") = "MonsterGear", "MonsterGear\MonsterGear.csproj", "{8E13B33B-D0A9-4749-98FB-BAEC184D20B8}"
	ProjectSection(ProjectDependencies) = postProject
		{40454547-DDF9-4E74-A838-7F154362B6F8} = {40454547-DDF9-4E74-A838-7F154362B6F8}
	EndProjectSection
EndProject
Project("{8BC9CEB8-8B4A-11D0-8D11-00A0C91BC942}") = "monsterloop", "monsterloop\monsterloop.vcxproj", "{40454547-DDF9-4E74-A838-7F154362B6F8}"
EndProject
Global
	GlobalSection(SolutionConfigurationPlatforms) = preSolution
		Debug|Any CPU = Debug|Any CPU
		Debug|x64 = Debug|x64
		Debug|x86 = Debug|x86
		Release|Any CPU = Release|Any CPU
		Release|x64 = Release|x64
		Release|x86 = Release|x86
	EndGlobalSection
	GlobalSection(ProjectConfigurationPlatforms) = postSolution
		{8E13B33B-D0A9-4749-98FB-BAEC184D20B8}.Debug|Any CPU.ActiveCfg = Debug|Any CPU
		{8E13B33B-D0A9-4749-98FB-BAEC184D20B8}.Debug|Any CPU.Build.0 = Debug|Any CPU
		{8E13B33B-D0A9-4749-98FB-BAEC184D20B8}.Debug|x64.ActiveCfg = Debug|Any CPU
		{8E13B33B-D0A9-4749-98FB-BAEC184D20B8}.Debug|x64.Build.0 = Debug|Any CPU
		{8E13B33B-D0A9-4749-98FB-BAEC184D20B8}.Debug|x86.ActiveCfg = Debug|Any CPU
		{8E13B33B-D0A9-4749-98FB-BAEC184D20B8}.Debug|x86.Build.0 = Debug|Any CPU
		{8E13B33B-D0A9-4749-98FB-BAEC184D20B8}.Release|Any CPU.ActiveCfg = Release|Any CPU
		{8E13B33B-D0A9-4749-98FB-BAEC184D20B8}.Release|Any CPU.Build.0 = Release|Any CPU
		{8E13B33B-D0A9-4749-98FB-BAEC184D20B8}.Release|x64.ActiveCfg = Release|Any CPU
		{8E13B33B-D0A9-4749-98FB-BAEC184D20B8}.Release|x64.Build.0 = Release|Any CPU
		{8E13B33B-D0A9-4749-98FB-BAEC184D20B8}.Release|x86.ActiveCfg = Release|Any CPU
		{8E13B33B-D0A9-4749-98FB-BAEC184D20B8}.Release|x86.Build.0 = Release|Any CPU
		{40454547-DDF9-4E74-A838-7F154362B6F8}.Debug|Any CPU.ActiveCfg = Debug|x64
		{40454547-DDF9-4E74-A838-7F154362B6F8}.Debug|Any CPU.Build.0 = Debug|x64
		{40454547-DDF9-4E74-A838-7F154362B6F8}.Debug|x64.ActiveCfg = Debug|x64
		{40454547-DDF9-4E74-A838-7F154362B6F8}.Debug|x64.Build.0 = Debug|x64
		{40454547-DDF9-4E74-A838-7F154362B6F8}.Debug|x86.ActiveCfg = Debug|Win32
		{40454547-DDF9-4E74-A838-7F154362B6F8}.Debug|x86.Build.0 = Debug|Win32
		{40454547-DDF9-4E74-A838-7F154362B6F8}.Release|Any CPU.ActiveCfg = Release|x64
		{40454547-DDF9-4E74-A838-7F154362B6F8}.Release|Any CPU.Build.0 = Release|x64
		{40454547-DDF9-4E74-A838-7F154362B6F8}.Release|x64.ActiveCfg = Release|x64
		{40454547-DDF9-4E74-A838-7F154362B6F8}.Release|x64.Build.0 = Release|x64
		{40454547-DDF9-4E74-A838-7F154362B6F8}.Release|x86.ActiveCfg = Release|Win32
		{40454547-DDF9-4E74-A838-7F154362B6F8}.Release|x86.Build.0 = Release|Win32
	EndGlobalSection
	GlobalSection(SolutionProperties) = preSolution
		HideSolutionNode = FALSE
	EndGlobalSection
	GlobalSection(ExtensibilityGlobals) = postSolution
		SolutionGuid = {07E15666-E722-45AB-B0CE-4144A6060CE7}
	EndGlobalSection
EndGlobal
